
Microsoft Visual Studio Solution File, Format Version 12.00
# Visual Studio Version 17
VisualStudioVersion = 17.5.002.0
MinimumVisualStudioVersion = 10.0.40219.1
Project("{9A19103F-16F7-4668-BE54-9A1E7A4F7556}") = "Aoc24Cs", "Aoc24Cs.csproj", "{B6B26BE0-EDE4-4816-909A-B19AD023A44D}"
EndProject
Global
	GlobalSection(SolutionConfigurationPlatforms) = preSolution
		Debug|Any CPU = Debug|Any CPU
		Release|Any CPU = Release|Any CPU
	EndGlobalSection
	GlobalSection(ProjectConfigurationPlatforms) = postSolution
		{B6B26BE0-EDE4-4816-909A-B19AD023A44D}.Debug|Any CPU.ActiveCfg = Debug|Any CPU
		{B6B26BE0-EDE4-4816-909A-B19AD023A44D}.Debug|Any CPU.Build.0 = Debug|Any CPU
		{B6B26BE0-EDE4-4816-909A-B19AD023A44D}.Release|Any CPU.ActiveCfg = Release|Any CPU
		{B6B26BE0-EDE4-4816-909A-B19AD023A44D}.Release|Any CPU.Build.0 = Release|Any CPU
	EndGlobalSection
	GlobalSection(SolutionProperties) = preSolution
		HideSolutionNode = FALSE
	EndGlobalSection
	GlobalSection(ExtensibilityGlobals) = postSolution
		SolutionGuid = {35EEB037-0EB5-46D7-8488-6D14E3F2FD21}
	EndGlobalSection
EndGlobal
